
Microsoft Visual Studio Solution File, Format Version 12.00
# Visual Studio Version 17
VisualStudioVersion = 17.1.32228.430
MinimumVisualStudioVersion = 10.0.40219.1
Project("{FAE04EC0-301F-11D3-BF4B-00C04F79EFBC}") = "The Flagship", "The Flagship\The Flagship.csproj", "{89D1234B-CC69-4E76-B20D-ABAC5B48A7C0}"
EndProject
Global
	GlobalSection(SolutionConfigurationPlatforms) = preSolution
		Debug|Any CPU = Debug|Any CPU
		Release|Any CPU = Release|Any CPU
	EndGlobalSection
	GlobalSection(ProjectConfigurationPlatforms) = postSolution
		{89D1234B-CC69-4E76-B20D-ABAC5B48A7C0}.Debug|Any CPU.ActiveCfg = Debug|Any CPU
		{89D1234B-CC69-4E76-B20D-ABAC5B48A7C0}.Debug|Any CPU.Build.0 = Debug|Any CPU
		{89D1234B-CC69-4E76-B20D-ABAC5B48A7C0}.Release|Any CPU.ActiveCfg = Release|Any CPU
		{89D1234B-CC69-4E76-B20D-ABAC5B48A7C0}.Release|Any CPU.Build.0 = Release|Any CPU
	EndGlobalSection
	GlobalSection(SolutionProperties) = preSolution
		HideSolutionNode = FALSE
	EndGlobalSection
	GlobalSection(ExtensibilityGlobals) = postSolution
		SolutionGuid = {FA02D878-FE08-4052-B2E5-BB2D761D8BE7}
	EndGlobalSection
EndGlobal
